
Microsoft Visual Studio Solution File, Format Version 12.00
# Visual Studio 15
VisualStudioVersion = 15.0.26124.0
MinimumVisualStudioVersion = 15.0.26124.0
Project("{FAE04EC0-301F-11D3-BF4B-00C04F79EFBC}") = "MyMath", "MyMath\MyMath.csproj", "{15E15C01-E7EE-490B-8362-0C0F2F3DFC25}"
EndProject
Project("{FAE04EC0-301F-11D3-BF4B-00C04F79EFBC}") = "MyMath.Tests", "MyMath.Tests\MyMath.Tests.csproj", "{FD42325D-8885-41A3-94E6-7B3250CDF94C}"
EndProject
Global
	GlobalSection(SolutionConfigurationPlatforms) = preSolution
		Debug|Any CPU = Debug|Any CPU
		Debug|x64 = Debug|x64
		Debug|x86 = Debug|x86
		Release|Any CPU = Release|Any CPU
		Release|x64 = Release|x64
		Release|x86 = Release|x86
	EndGlobalSection
	GlobalSection(SolutionProperties) = preSolution
		HideSolutionNode = FALSE
	EndGlobalSection
	GlobalSection(ProjectConfigurationPlatforms) = postSolution
		{15E15C01-E7EE-490B-8362-0C0F2F3DFC25}.Debug|Any CPU.ActiveCfg = Debug|Any CPU
		{15E15C01-E7EE-490B-8362-0C0F2F3DFC25}.Debug|Any CPU.Build.0 = Debug|Any CPU
		{15E15C01-E7EE-490B-8362-0C0F2F3DFC25}.Debug|x64.ActiveCfg = Debug|Any CPU
		{15E15C01-E7EE-490B-8362-0C0F2F3DFC25}.Debug|x64.Build.0 = Debug|Any CPU
		{15E15C01-E7EE-490B-8362-0C0F2F3DFC25}.Debug|x86.ActiveCfg = Debug|Any CPU
		{15E15C01-E7EE-490B-8362-0C0F2F3DFC25}.Debug|x86.Build.0 = Debug|Any CPU
		{15E15C01-E7EE-490B-8362-0C0F2F3DFC25}.Release|Any CPU.ActiveCfg = Release|Any CPU
		{15E15C01-E7EE-490B-8362-0C0F2F3DFC25}.Release|Any CPU.Build.0 = Release|Any CPU
		{15E15C01-E7EE-490B-8362-0C0F2F3DFC25}.Release|x64.ActiveCfg = Release|Any CPU
		{15E15C01-E7EE-490B-8362-0C0F2F3DFC25}.Release|x64.Build.0 = Release|Any CPU
		{15E15C01-E7EE-490B-8362-0C0F2F3DFC25}.Release|x86.ActiveCfg = Release|Any CPU
		{15E15C01-E7EE-490B-8362-0C0F2F3DFC25}.Release|x86.Build.0 = Release|Any CPU
		{FD42325D-8885-41A3-94E6-7B3250CDF94C}.Debug|Any CPU.ActiveCfg = Debug|Any CPU
		{FD42325D-8885-41A3-94E6-7B3250CDF94C}.Debug|Any CPU.Build.0 = Debug|Any CPU
		{FD42325D-8885-41A3-94E6-7B3250CDF94C}.Debug|x64.ActiveCfg = Debug|Any CPU
		{FD42325D-8885-41A3-94E6-7B3250CDF94C}.Debug|x64.Build.0 = Debug|Any CPU
		{FD42325D-8885-41A3-94E6-7B3250CDF94C}.Debug|x86.ActiveCfg = Debug|Any CPU
		{FD42325D-8885-41A3-94E6-7B3250CDF94C}.Debug|x86.Build.0 = Debug|Any CPU
		{FD42325D-8885-41A3-94E6-7B3250CDF94C}.Release|Any CPU.ActiveCfg = Release|Any CPU
		{FD42325D-8885-41A3-94E6-7B3250CDF94C}.Release|Any CPU.Build.0 = Release|Any CPU
		{FD42325D-8885-41A3-94E6-7B3250CDF94C}.Release|x64.ActiveCfg = Release|Any CPU
		{FD42325D-8885-41A3-94E6-7B3250CDF94C}.Release|x64.Build.0 = Release|Any CPU
		{FD42325D-8885-41A3-94E6-7B3250CDF94C}.Release|x86.ActiveCfg = Release|Any CPU
		{FD42325D-8885-41A3-94E6-7B3250CDF94C}.Release|x86.Build.0 = Release|Any CPU
	EndGlobalSection
EndGlobal
